
Microsoft Visual Studio Solution File, Format Version 12.00
# Visual Studio 14
VisualStudioVersion = 14.0.24720.0
MinimumVisualStudioVersion = 10.0.40219.1
Project("{FAE04EC0-301F-11D3-BF4B-00C04F79EFBC}") = "MiniCubeTexture", "MiniCubeTexture\MiniCubeTexture.csproj", "{7374840D-B857-46CF-A18F-C9E3360DDC5A}"
EndProject
Project("{8BC9CEB8-8B4A-11D0-8D11-00A0C91BC942}") = "DirectXTex", "DirectXTex\DirectXTex_Desktop_2015.vcxproj", "{371B9FA9-4C90-4AC6-A123-ACED756D6C77}"
EndProject
Project("{8BC9CEB8-8B4A-11D0-8D11-00A0C91BC942}") = "SharpDXTex", "SharpDXTex\SharpDXTex.vcxproj", "{D986025E-FA7B-4F93-AE9A-8A03D64A7193}"
EndProject
Global
	GlobalSection(SolutionConfigurationPlatforms) = preSolution
		Debug|x64 = Debug|x64
		Debug|x86 = Debug|x86
		Profile|x64 = Profile|x64
		Profile|x86 = Profile|x86
		Release|x64 = Release|x64
		Release|x86 = Release|x86
	EndGlobalSection
	GlobalSection(ProjectConfigurationPlatforms) = postSolution
		{7374840D-B857-46CF-A18F-C9E3360DDC5A}.Debug|x64.ActiveCfg = Debug|x64
		{7374840D-B857-46CF-A18F-C9E3360DDC5A}.Debug|x64.Build.0 = Debug|x64
		{7374840D-B857-46CF-A18F-C9E3360DDC5A}.Debug|x86.ActiveCfg = Debug|x64
		{7374840D-B857-46CF-A18F-C9E3360DDC5A}.Profile|x64.ActiveCfg = Release|x64
		{7374840D-B857-46CF-A18F-C9E3360DDC5A}.Profile|x64.Build.0 = Release|x64
		{7374840D-B857-46CF-A18F-C9E3360DDC5A}.Profile|x86.ActiveCfg = Release|x64
		{7374840D-B857-46CF-A18F-C9E3360DDC5A}.Profile|x86.Build.0 = Release|x64
		{7374840D-B857-46CF-A18F-C9E3360DDC5A}.Release|x64.ActiveCfg = Release|x64
		{7374840D-B857-46CF-A18F-C9E3360DDC5A}.Release|x64.Build.0 = Release|x64
		{7374840D-B857-46CF-A18F-C9E3360DDC5A}.Release|x86.ActiveCfg = Release|x64
		{371B9FA9-4C90-4AC6-A123-ACED756D6C77}.Debug|x64.ActiveCfg = Debug|x64
		{371B9FA9-4C90-4AC6-A123-ACED756D6C77}.Debug|x64.Build.0 = Debug|x64
		{371B9FA9-4C90-4AC6-A123-ACED756D6C77}.Debug|x86.ActiveCfg = Debug|Win32
		{371B9FA9-4C90-4AC6-A123-ACED756D6C77}.Debug|x86.Build.0 = Debug|Win32
		{371B9FA9-4C90-4AC6-A123-ACED756D6C77}.Profile|x64.ActiveCfg = Profile|x64
		{371B9FA9-4C90-4AC6-A123-ACED756D6C77}.Profile|x64.Build.0 = Profile|x64
		{371B9FA9-4C90-4AC6-A123-ACED756D6C77}.Profile|x86.ActiveCfg = Profile|Win32
		{371B9FA9-4C90-4AC6-A123-ACED756D6C77}.Profile|x86.Build.0 = Profile|Win32
		{371B9FA9-4C90-4AC6-A123-ACED756D6C77}.Release|x64.ActiveCfg = Release|x64
		{371B9FA9-4C90-4AC6-A123-ACED756D6C77}.Release|x64.Build.0 = Release|x64
		{371B9FA9-4C90-4AC6-A123-ACED756D6C77}.Release|x86.ActiveCfg = Release|Win32
		{371B9FA9-4C90-4AC6-A123-ACED756D6C77}.Release|x86.Build.0 = Release|Win32
		{D986025E-FA7B-4F93-AE9A-8A03D64A7193}.Debug|x64.ActiveCfg = Debug|x64
		{D986025E-FA7B-4F93-AE9A-8A03D64A7193}.Debug|x64.Build.0 = Debug|x64
		{D986025E-FA7B-4F93-AE9A-8A03D64A7193}.Debug|x86.ActiveCfg = Debug|Win32
		{D986025E-FA7B-4F93-AE9A-8A03D64A7193}.Debug|x86.Build.0 = Debug|Win32
		{D986025E-FA7B-4F93-AE9A-8A03D64A7193}.Profile|x64.ActiveCfg = Release|x64
		{D986025E-FA7B-4F93-AE9A-8A03D64A7193}.Profile|x64.Build.0 = Release|x64
		{D986025E-FA7B-4F93-AE9A-8A03D64A7193}.Profile|x86.ActiveCfg = Release|Win32
		{D986025E-FA7B-4F93-AE9A-8A03D64A7193}.Profile|x86.Build.0 = Release|Win32
		{D986025E-FA7B-4F93-AE9A-8A03D64A7193}.Release|x64.ActiveCfg = Release|x64
		{D986025E-FA7B-4F93-AE9A-8A03D64A7193}.Release|x64.Build.0 = Release|x64
		{D986025E-FA7B-4F93-AE9A-8A03D64A7193}.Release|x86.ActiveCfg = Release|Win32
		{D986025E-FA7B-4F93-AE9A-8A03D64A7193}.Release|x86.Build.0 = Release|Win32
	EndGlobalSection
	GlobalSection(SolutionProperties) = preSolution
		HideSolutionNode = FALSE
	EndGlobalSection
EndGlobal
